<?xml version="1.0" encoding="utf-8"?>
<Project ToolsVersion="4.0" xmlns="http://schemas.microsoft.com/developer/msbuild/2003">
  <ItemGroup>
    <Filter Include="Quellcodedateien">
      <UniqueIdentifier>{4f283022-3732-46b5-9e0f-df3f488a134c}</UniqueIdentifier>
      <Extensions>cpp;c;cxx;rc;def;r;odl;idl;hpj;bat</Extensions>
    </Filter>
    <Filter Include="Header-Dateien">
      <UniqueIdentifier>{af2a474f-b54c-4744-9073-d777a624671a}</UniqueIdentifier>
      <Extensions>h;hpp;hxx;hm;inl</Extensions>
    </Filter>
    <Filter Include="Ressourcendateien">
      <UniqueIdentifier>{c700c891-d637-43d0-bec5-f384f5aba5d5}</UniqueIdentifier>
      <Extensions>ico;cur;bmp;dlg;rc2;rct;bin;rgs;gif;jpg;jpeg;jpe</Extensions>
    </Filter>
  </ItemGroup>
  <ItemGroup>
    <ClCompile Include="Direction.cpp">
      <Filter>Quellcodedateien</Filter>
    </ClCompile>
    <ClCompile Include="Field.cpp">
      <Filter>Quellcodedateien</Filter>
    </ClCompile>
    <ClCompile Include="FieldElement.cpp">
      <Filter>Quellcodedateien</Filter>
    </ClCompile>
    <ClCompile Include="FieldList.cpp">
      <Filter>Quellcodedateien</Filter>
    </ClCompile>
    <ClCompile Include="main.cpp">
      <Filter>Quellcodedateien</Filter>
    </ClCompile>
    <ClCompile Include="Object.cpp">
      <Filter>Quellcodedateien</Filter>
    </ClCompile>
    <ClCompile Include="Pattern.cpp">
      <Filter>Quellcodedateien</Filter>
    </ClCompile>
    <ClCompile Include="Position.cpp">
      <Filter>Quellcodedateien</Filter>
    </ClCompile>
    <ClCompile Include="PositionList.cpp">
      <Filter>Quellcodedateien</Filter>
    </ClCompile>
    <ClCompile Include="Solution.cpp">
      <Filter>Quellcodedateien</Filter>
    </ClCompile>
    <ClCompile Include="Step.cpp">
      <Filter>Quellcodedateien</Filter>
    </ClCompile>
    <ClCompile Include="StepList.cpp">
      <Filter>Quellcodedateien</Filter>
    </ClCompile>
  </ItemGroup>
  <ItemGroup>
    <ClInclude Include="defs.h">
      <Filter>Header-Dateien</Filter>
    </ClInclude>
    <ClInclude Include="Direction.h">
      <Filter>Header-Dateien</Filter>
    </ClInclude>
    <ClInclude Include="Field.h">
      <Filter>Header-Dateien</Filter>
    </ClInclude>
    <ClInclude Include="FieldElement.h">
      <Filter>Header-Dateien</Filter>
    </ClInclude>
    <ClInclude Include="FieldList.h">
      <Filter>Header-Dateien</Filter>
    </ClInclude>
    <ClInclude Include="main.h">
      <Filter>Header-Dateien</Filter>
    </ClInclude>
    <ClInclude Include="Object.h">
      <Filter>Header-Dateien</Filter>
    </ClInclude>
    <ClInclude Include="Pattern.h">
      <Filter>Header-Dateien</Filter>
    </ClInclude>
    <ClInclude Include="Position.h">
      <Filter>Header-Dateien</Filter>
    </ClInclude>
    <ClInclude Include="PositionList.h">
      <Filter>Header-Dateien</Filter>
    </ClInclude>
    <ClInclude Include="Solution.h">
      <Filter>Header-Dateien</Filter>
    </ClInclude>
    <ClInclude Include="Step.h">
      <Filter>Header-Dateien</Filter>
    </ClInclude>
    <ClInclude Include="StepList.h">
      <Filter>Header-Dateien</Filter>
    </ClInclude>
  </ItemGroup>
</Project>